
Microsoft Visual Studio Solution File, Format Version 12.00
# Visual Studio Version 16
VisualStudioVersion = 16.0.31613.86
MinimumVisualStudioVersion = 10.0.40219.1
Project("{FAE04EC0-301F-11D3-BF4B-00C04F79EFBC}") = "Win_MiNegosio", "Win_MiNegosio\Win_MiNegosio.csproj", "{C87D3565-1614-4228-A638-BE54A8BCCA5F}"
EndProject
Global
	GlobalSection(SolutionConfigurationPlatforms) = preSolution
		Debug|Any CPU = Debug|Any CPU
		Release|Any CPU = Release|Any CPU
	EndGlobalSection
	GlobalSection(ProjectConfigurationPlatforms) = postSolution
		{C87D3565-1614-4228-A638-BE54A8BCCA5F}.Debug|Any CPU.ActiveCfg = Debug|Any CPU
		{C87D3565-1614-4228-A638-BE54A8BCCA5F}.Debug|Any CPU.Build.0 = Debug|Any CPU
		{C87D3565-1614-4228-A638-BE54A8BCCA5F}.Release|Any CPU.ActiveCfg = Release|Any CPU
		{C87D3565-1614-4228-A638-BE54A8BCCA5F}.Release|Any CPU.Build.0 = Release|Any CPU
	EndGlobalSection
	GlobalSection(SolutionProperties) = preSolution
		HideSolutionNode = FALSE
	EndGlobalSection
	GlobalSection(ExtensibilityGlobals) = postSolution
		SolutionGuid = {B3D01578-542A-4BA9-A94E-06135C21C22E}
	EndGlobalSection
EndGlobal
